
Microsoft Visual Studio Solution File, Format Version 12.00
# Visual Studio Version 16
VisualStudioVersion = 16.0.29123.88
MinimumVisualStudioVersion = 10.0.40219.1
Project("{FAE04EC0-301F-11D3-BF4B-00C04F79EFBC}") = "JwtService", "JwtService.csproj", "{2C889FFD-8AF4-48E6-A63A-E7418F0BD927}"
EndProject
Global
	GlobalSection(SolutionConfigurationPlatforms) = preSolution
		Debug|Any CPU = Debug|Any CPU
		Release|Any CPU = Release|Any CPU
	EndGlobalSection
	GlobalSection(ProjectConfigurationPlatforms) = postSolution
		{2C889FFD-8AF4-48E6-A63A-E7418F0BD927}.Debug|Any CPU.ActiveCfg = Debug|Any CPU
		{2C889FFD-8AF4-48E6-A63A-E7418F0BD927}.Debug|Any CPU.Build.0 = Debug|Any CPU
		{2C889FFD-8AF4-48E6-A63A-E7418F0BD927}.Release|Any CPU.ActiveCfg = Release|Any CPU
		{2C889FFD-8AF4-48E6-A63A-E7418F0BD927}.Release|Any CPU.Build.0 = Release|Any CPU
	EndGlobalSection
	GlobalSection(SolutionProperties) = preSolution
		HideSolutionNode = FALSE
	EndGlobalSection
	GlobalSection(ExtensibilityGlobals) = postSolution
		SolutionGuid = {C1738DEC-2D2A-4CFE-ACA1-DD1B29D09D3E}
	EndGlobalSection
EndGlobal
